
Microsoft Visual Studio Solution File, Format Version 9.00
# Visual Studio 2005
Project("{8BC9CEB8-8B4A-11D0-8D11-00A0C91BC942}") = "wsdl4cpp", "wsdl4cpp\wsdl4cpp.vcproj", "{B240553F-DE69-4B5C-8998-A4A63EBA5234}"
EndProject
Project("{8BC9CEB8-8B4A-11D0-8D11-00A0C91BC942}") = "wsdltest", "wsdltest\wsdltest.vcproj", "{3C92EC80-91F3-422E-A488-13E6FF7578B0}"
	ProjectSection(ProjectDependencies) = postProject
		{B240553F-DE69-4B5C-8998-A4A63EBA5234} = {B240553F-DE69-4B5C-8998-A4A63EBA5234}
	EndProjectSection
EndProject
Global
	GlobalSection(DPCodeReviewSolutionGUID) = preSolution
		DPCodeReviewSolutionGUID = {00000000-0000-0000-0000-000000000000}
	EndGlobalSection
	GlobalSection(SolutionConfigurationPlatforms) = preSolution
		cURL_Debug|Win32 = cURL_Debug|Win32
		cURL_Release|Win32 = cURL_Release|Win32
		Debug|Win32 = Debug|Win32
		Release|Win32 = Release|Win32
	EndGlobalSection
	GlobalSection(ProjectConfigurationPlatforms) = postSolution
		{B240553F-DE69-4B5C-8998-A4A63EBA5234}.cURL_Debug|Win32.ActiveCfg = cURL_Debug|Win32
		{B240553F-DE69-4B5C-8998-A4A63EBA5234}.cURL_Debug|Win32.Build.0 = cURL_Debug|Win32
		{B240553F-DE69-4B5C-8998-A4A63EBA5234}.cURL_Release|Win32.ActiveCfg = cURL_Release|Win32
		{B240553F-DE69-4B5C-8998-A4A63EBA5234}.cURL_Release|Win32.Build.0 = cURL_Release|Win32
		{B240553F-DE69-4B5C-8998-A4A63EBA5234}.Debug|Win32.ActiveCfg = Debug|Win32
		{B240553F-DE69-4B5C-8998-A4A63EBA5234}.Debug|Win32.Build.0 = Debug|Win32
		{B240553F-DE69-4B5C-8998-A4A63EBA5234}.Release|Win32.ActiveCfg = Release|Win32
		{B240553F-DE69-4B5C-8998-A4A63EBA5234}.Release|Win32.Build.0 = Release|Win32
		{3C92EC80-91F3-422E-A488-13E6FF7578B0}.cURL_Debug|Win32.ActiveCfg = cURL_Debug|Win32
		{3C92EC80-91F3-422E-A488-13E6FF7578B0}.cURL_Debug|Win32.Build.0 = cURL_Debug|Win32
		{3C92EC80-91F3-422E-A488-13E6FF7578B0}.cURL_Release|Win32.ActiveCfg = cURL_Release|Win32
		{3C92EC80-91F3-422E-A488-13E6FF7578B0}.cURL_Release|Win32.Build.0 = cURL_Release|Win32
		{3C92EC80-91F3-422E-A488-13E6FF7578B0}.Debug|Win32.ActiveCfg = Debug|Win32
		{3C92EC80-91F3-422E-A488-13E6FF7578B0}.Debug|Win32.Build.0 = Debug|Win32
		{3C92EC80-91F3-422E-A488-13E6FF7578B0}.Release|Win32.ActiveCfg = Release|Win32
		{3C92EC80-91F3-422E-A488-13E6FF7578B0}.Release|Win32.Build.0 = Release|Win32
	EndGlobalSection
	GlobalSection(SolutionProperties) = preSolution
		HideSolutionNode = FALSE
	EndGlobalSection
EndGlobal
